
Microsoft Visual Studio Solution File, Format Version 12.00
# Visual Studio 15
VisualStudioVersion = 15.0.28307.421
MinimumVisualStudioVersion = 10.0.40219.1
Project("{FAE04EC0-301F-11D3-BF4B-00C04F79EFBC}") = "Opus.Cookbook.WebApi", "Opus.Cookbook.WebApi\Opus.Cookbook.WebApi.csproj", "{ACD635B3-F54A-4B9D-A709-68DA59131781}"
EndProject
Global
	GlobalSection(SolutionConfigurationPlatforms) = preSolution
		Debug|Any CPU = Debug|Any CPU
		Release|Any CPU = Release|Any CPU
	EndGlobalSection
	GlobalSection(ProjectConfigurationPlatforms) = postSolution
		{ACD635B3-F54A-4B9D-A709-68DA59131781}.Debug|Any CPU.ActiveCfg = Debug|Any CPU
		{ACD635B3-F54A-4B9D-A709-68DA59131781}.Debug|Any CPU.Build.0 = Debug|Any CPU
		{ACD635B3-F54A-4B9D-A709-68DA59131781}.Release|Any CPU.ActiveCfg = Release|Any CPU
		{ACD635B3-F54A-4B9D-A709-68DA59131781}.Release|Any CPU.Build.0 = Release|Any CPU
	EndGlobalSection
	GlobalSection(SolutionProperties) = preSolution
		HideSolutionNode = FALSE
	EndGlobalSection
	GlobalSection(ExtensibilityGlobals) = postSolution
		SolutionGuid = {FB7CBA05-2976-4C66-A38A-B8B64BE5BDB8}
	EndGlobalSection
EndGlobal
